// !$*UTF8*$!
{
	archiveVersion = 1;
	classes = {
	};
	objectVersion = 50;
	objects = {

/* Begin PBXBuildFile section */
		4A04498C2159138400287C5E /* Color.swift in Sources */ = {isa = PBXBuildFile; fileRef = 4A04498B2159138400287C5E /* Color.swift */; };
		4A06C3E5213980180043E9B6 /* PlaceDetailViewController.swift in Sources */ = {isa = PBXBuildFile; fileRef = 4A06C3E4213980180043E9B6 /* PlaceDetailViewController.swift */; };
		4A06C3E7213980240043E9B6 /* PlaceDetailInfoViewController.swift in Sources */ = {isa = PBXBuildFile; fileRef = 4A06C3E6213980240043E9B6 /* PlaceDetailInfoViewController.swift */; };
		4A06C3E92139802C0043E9B6 /* PlaceDetailGalleryViewController.swift in Sources */ = {isa = PBXBuildFile; fileRef = 4A06C3E82139802C0043E9B6 /* PlaceDetailGalleryViewController.swift */; };
		4A06C3EC213982050043E9B6 /* PlaceDetailGalleryCollectionViewCell.swift in Sources */ = {isa = PBXBuildFile; fileRef = 4A06C3EB213982050043E9B6 /* PlaceDetailGalleryCollectionViewCell.swift */; };
		4A06C3FC213D85140043E9B6 /* String.swift in Sources */ = {isa = PBXBuildFile; fileRef = 4A06C3FB213D85140043E9B6 /* String.swift */; };
		4A06C3FE213EAD210043E9B6 /* KingfisherSource.swift in Sources */ = {isa = PBXBuildFile; fileRef = 4A06C3FD213EAD210043E9B6 /* KingfisherSource.swift */; };
		4A10C88720F38657009F438D /* MenuButton.swift in Sources */ = {isa = PBXBuildFile; fileRef = 4A10C88620F38657009F438D /* MenuButton.swift */; };
		4A1D96D120D3D38F003F5F01 /* Service.swift in Sources */ = {isa = PBXBuildFile; fileRef = 4A1D96D020D3D38F003F5F01 /* Service.swift */; };
		4A24596221401973001E6007 /* StackView.swift in Sources */ = {isa = PBXBuildFile; fileRef = 4A24596121401973001E6007 /* StackView.swift */; };
		4A24596421413A82001E6007 /* View.swift in Sources */ = {isa = PBXBuildFile; fileRef = 4A24596321413A82001E6007 /* View.swift */; };
		4A4C3B39212D90380077DF37 /* PlacesService.swift in Sources */ = {isa = PBXBuildFile; fileRef = 4A4C3B38212D90380077DF37 /* PlacesService.swift */; };
		4A4C3B3F212D94910077DF37 /* ListTableViewCell.swift in Sources */ = {isa = PBXBuildFile; fileRef = 4A4C3B3E212D94910077DF37 /* ListTableViewCell.swift */; };
		4A5BD6DE212AFD26005AAE3C /* CKGeoPointOperation.m in Sources */ = {isa = PBXBuildFile; fileRef = 4A5BD6D8212AFD25005AAE3C /* CKGeoPointOperation.m */; };
		4A5BD6DF212AFD26005AAE3C /* stations.geojson in Resources */ = {isa = PBXBuildFile; fileRef = 4A5BD6D9212AFD25005AAE3C /* stations.geojson */; };
		4A5BD6E0212AFD26005AAE3C /* random.geojson in Resources */ = {isa = PBXBuildFile; fileRef = 4A5BD6DC212AFD25005AAE3C /* random.geojson */; };
		4A747D2721AFFECA005951AE /* GoogleService-Info.plist in Resources */ = {isa = PBXBuildFile; fileRef = 4A747D2621AFFECA005951AE /* GoogleService-Info.plist */; };
		4A747D2B21B01260005951AE /* 18_PBK_mapa-JSON_v02.json in Resources */ = {isa = PBXBuildFile; fileRef = 4A747D2A21B01260005951AE /* 18_PBK_mapa-JSON_v02.json */; };
		4A81731521A5B37B00275BC9 /* style.json in Resources */ = {isa = PBXBuildFile; fileRef = 4A81731421A5B37B00275BC9 /* style.json */; };
		4A81731A21A5B84700275BC9 /* Config.swift in Sources */ = {isa = PBXBuildFile; fileRef = 4A81731921A5B84700275BC9 /* Config.swift */; };
		4A81731D21A6D89200275BC9 /* ScreenTypeButton.swift in Sources */ = {isa = PBXBuildFile; fileRef = 4A81731C21A6D89200275BC9 /* ScreenTypeButton.swift */; };
		4A81731F21A6D8F300275BC9 /* ScreenType.swift in Sources */ = {isa = PBXBuildFile; fileRef = 4A81731E21A6D8F200275BC9 /* ScreenType.swift */; };
		4A81732621A6DD2800275BC9 /* Localizable.strings in Resources */ = {isa = PBXBuildFile; fileRef = 4A81732821A6DD2800275BC9 /* Localizable.strings */; };
		4A895D28212AFBD7003C0FFA /* ListViewController.swift in Sources */ = {isa = PBXBuildFile; fileRef = 4A895D27212AFBD7003C0FFA /* ListViewController.swift */; };
		4AA9DAA4212D7EF80048AD0A /* LocationManager.swift in Sources */ = {isa = PBXBuildFile; fileRef = 4AA9DAA3212D7EF80048AD0A /* LocationManager.swift */; };
		4AA9DAA8212D81B30048AD0A /* CLLocationManager+Rx.swift in Sources */ = {isa = PBXBuildFile; fileRef = 4AA9DAA7212D81B20048AD0A /* CLLocationManager+Rx.swift */; };
		4AA9DAAA212D81D40048AD0A /* RxCLLocationManagerDelegateProxy.swift in Sources */ = {isa = PBXBuildFile; fileRef = 4AA9DAA9212D81D40048AD0A /* RxCLLocationManagerDelegateProxy.swift */; };
		4AADE80D20E64E130048D9FE /* BaseViewController.swift in Sources */ = {isa = PBXBuildFile; fileRef = 4AADE80C20E64E130048D9FE /* BaseViewController.swift */; };
		4AADE81520E64F000048D9FE /* Location.swift in Sources */ = {isa = PBXBuildFile; fileRef = 4AADE81120E64EFF0048D9FE /* Location.swift */; };
		4AADE81620E64F000048D9FE /* Place.swift in Sources */ = {isa = PBXBuildFile; fileRef = 4AADE81220E64EFF0048D9FE /* Place.swift */; };
		4AADE81720E64F000048D9FE /* Photo.swift in Sources */ = {isa = PBXBuildFile; fileRef = 4AADE81320E64EFF0048D9FE /* Photo.swift */; };
		4AADE81820E64F000048D9FE /* Tag.swift in Sources */ = {isa = PBXBuildFile; fileRef = 4AADE81420E64EFF0048D9FE /* Tag.swift */; };
		4AADE81A20E654DB0048D9FE /* Annotation.swift in Sources */ = {isa = PBXBuildFile; fileRef = 4AADE81920E654DB0048D9FE /* Annotation.swift */; };
		4AADE82720E655250048D9FE /* GMSMapView+ClusterKit.m in Sources */ = {isa = PBXBuildFile; fileRef = 4AADE81C20E655250048D9FE /* GMSMapView+ClusterKit.m */; };
		4AADE82D20E655250048D9FE /* MapUtil.swift in Sources */ = {isa = PBXBuildFile; fileRef = 4AADE82620E655250048D9FE /* MapUtil.swift */; };
		4ABA2ABB20E65F770089FCE3 /* SearchViewController.swift in Sources */ = {isa = PBXBuildFile; fileRef = 4ABA2ABA20E65F770089FCE3 /* SearchViewController.swift */; };
		4AC05D83215B7A3000B14351 /* TagView.swift in Sources */ = {isa = PBXBuildFile; fileRef = 4AC05D82215B7A3000B14351 /* TagView.swift */; };
		4ACA10C120BC40A600812726 /* AppDelegate.swift in Sources */ = {isa = PBXBuildFile; fileRef = 4ACA10C020BC40A600812726 /* AppDelegate.swift */; };
		4ACA10C320BC40A600812726 /* MapViewController.swift in Sources */ = {isa = PBXBuildFile; fileRef = 4ACA10C220BC40A600812726 /* MapViewController.swift */; };
		4ACA10C620BC40A600812726 /* Main.storyboard in Resources */ = {isa = PBXBuildFile; fileRef = 4ACA10C420BC40A600812726 /* Main.storyboard */; };
		4ACA10C820BC40A800812726 /* Assets.xcassets in Resources */ = {isa = PBXBuildFile; fileRef = 4ACA10C720BC40A800812726 /* Assets.xcassets */; };
		4ACA10CB20BC40A800812726 /* LaunchScreen.storyboard in Resources */ = {isa = PBXBuildFile; fileRef = 4ACA10C920BC40A800812726 /* LaunchScreen.storyboard */; };
		4AE04AC321A7F7CE005B0733 /* TagManager.swift in Sources */ = {isa = PBXBuildFile; fileRef = 4AE04AC221A7F7CE005B0733 /* TagManager.swift */; };
		4AE04AC521ABF64C005B0733 /* AlignedLabel.swift in Sources */ = {isa = PBXBuildFile; fileRef = 4AE04AC421ABF64C005B0733 /* AlignedLabel.swift */; };
		4AE04AC721ABFC00005B0733 /* ScrollView.swift in Sources */ = {isa = PBXBuildFile; fileRef = 4AE04AC621ABFC00005B0733 /* ScrollView.swift */; };
		4AE04ACE21AC0268005B0733 /* PanExUtil.swift in Sources */ = {isa = PBXBuildFile; fileRef = 4AE04ACB21AC0268005B0733 /* PanExUtil.swift */; };
		4AE04ACF21AC0268005B0733 /* PullSwipeExUtil.swift in Sources */ = {isa = PBXBuildFile; fileRef = 4AE04ACC21AC0268005B0733 /* PullSwipeExUtil.swift */; };
		4AE04AD021AC0268005B0733 /* ScrollViewExUtil.swift in Sources */ = {isa = PBXBuildFile; fileRef = 4AE04ACD21AC0268005B0733 /* ScrollViewExUtil.swift */; };
		4AE04AD221AC1D14005B0733 /* TagButton.swift in Sources */ = {isa = PBXBuildFile; fileRef = 4AE04AD121AC1D14005B0733 /* TagButton.swift */; };
		A26E9BD8824C000930459858 /* Pods_PrahaBrutalneKrasna.framework in Frameworks */ = {isa = PBXBuildFile; fileRef = 8FABAC95571D1A9D8B770A9D /* Pods_PrahaBrutalneKrasna.framework */; };
/* End PBXBuildFile section */

/* Begin PBXFileReference section */
		4A04498B2159138400287C5E /* Color.swift */ = {isa = PBXFileReference; lastKnownFileType = sourcecode.swift; path = Color.swift; sourceTree = "<group>"; };
		4A06C3E4213980180043E9B6 /* PlaceDetailViewController.swift */ = {isa = PBXFileReference; lastKnownFileType = sourcecode.swift; path = PlaceDetailViewController.swift; sourceTree = "<group>"; };
		4A06C3E6213980240043E9B6 /* PlaceDetailInfoViewController.swift */ = {isa = PBXFileReference; lastKnownFileType = sourcecode.swift; path = PlaceDetailInfoViewController.swift; sourceTree = "<group>"; };
		4A06C3E82139802C0043E9B6 /* PlaceDetailGalleryViewController.swift */ = {isa = PBXFileReference; lastKnownFileType = sourcecode.swift; path = PlaceDetailGalleryViewController.swift; sourceTree = "<group>"; };
		4A06C3EB213982050043E9B6 /* PlaceDetailGalleryCollectionViewCell.swift */ = {isa = PBXFileReference; lastKnownFileType = sourcecode.swift; path = PlaceDetailGalleryCollectionViewCell.swift; sourceTree = "<group>"; };
		4A06C3FB213D85140043E9B6 /* String.swift */ = {isa = PBXFileReference; lastKnownFileType = sourcecode.swift; path = String.swift; sourceTree = "<group>"; };
		4A06C3FD213EAD210043E9B6 /* KingfisherSource.swift */ = {isa = PBXFileReference; fileEncoding = 4; lastKnownFileType = sourcecode.swift; path = KingfisherSource.swift; sourceTree = "<group>"; };
		4A10C88620F38657009F438D /* MenuButton.swift */ = {isa = PBXFileReference; lastKnownFileType = sourcecode.swift; path = MenuButton.swift; sourceTree = "<group>"; };
		4A1D96CF20D3B13D003F5F01 /* Bridging.h */ = {isa = PBXFileReference; lastKnownFileType = sourcecode.c.h; path = Bridging.h; sourceTree = "<group>"; };
		4A1D96D020D3D38F003F5F01 /* Service.swift */ = {isa = PBXFileReference; lastKnownFileType = sourcecode.swift; path = Service.swift; sourceTree = "<group>"; };
		4A24596121401973001E6007 /* StackView.swift */ = {isa = PBXFileReference; lastKnownFileType = sourcecode.swift; path = StackView.swift; sourceTree = "<group>"; };
		4A24596321413A82001E6007 /* View.swift */ = {isa = PBXFileReference; lastKnownFileType = sourcecode.swift; path = View.swift; sourceTree = "<group>"; };
		4A4C3B38212D90380077DF37 /* PlacesService.swift */ = {isa = PBXFileReference; lastKnownFileType = sourcecode.swift; path = PlacesService.swift; sourceTree = "<group>"; };
		4A4C3B3E212D94910077DF37 /* ListTableViewCell.swift */ = {isa = PBXFileReference; lastKnownFileType = sourcecode.swift; path = ListTableViewCell.swift; sourceTree = "<group>"; };
		4A5BD6D8212AFD25005AAE3C /* CKGeoPointOperation.m */ = {isa = PBXFileReference; fileEncoding = 4; lastKnownFileType = sourcecode.c.objc; path = CKGeoPointOperation.m; sourceTree = "<group>"; };
		4A5BD6D9212AFD25005AAE3C /* stations.geojson */ = {isa = PBXFileReference; fileEncoding = 4; lastKnownFileType = text; path = stations.geojson; sourceTree = "<group>"; };
		4A5BD6DA212AFD25005AAE3C /* ExampleData.h */ = {isa = PBXFileReference; fileEncoding = 4; lastKnownFileType = sourcecode.c.h; path = ExampleData.h; sourceTree = "<group>"; };
		4A5BD6DB212AFD25005AAE3C /* CKGeoPointOperation.h */ = {isa = PBXFileReference; fileEncoding = 4; lastKnownFileType = sourcecode.c.h; path = CKGeoPointOperation.h; sourceTree = "<group>"; };
		4A5BD6DC212AFD25005AAE3C /* random.geojson */ = {isa = PBXFileReference; fileEncoding = 4; lastKnownFileType = text; path = random.geojson; sourceTree = "<group>"; };
		4A747D2621AFFECA005951AE /* GoogleService-Info.plist */ = {isa = PBXFileReference; fileEncoding = 4; lastKnownFileType = text.plist.xml; path = "GoogleService-Info.plist"; sourceTree = "<group>"; };
		4A747D2A21B01260005951AE /* 18_PBK_mapa-JSON_v02.json */ = {isa = PBXFileReference; fileEncoding = 4; lastKnownFileType = text.json; path = "18_PBK_mapa-JSON_v02.json"; sourceTree = "<group>"; };
		4A81731421A5B37B00275BC9 /* style.json */ = {isa = PBXFileReference; lastKnownFileType = text.json; path = style.json; sourceTree = "<group>"; };
		4A81731921A5B84700275BC9 /* Config.swift */ = {isa = PBXFileReference; lastKnownFileType = sourcecode.swift; path = Config.swift; sourceTree = "<group>"; };
		4A81731C21A6D89200275BC9 /* ScreenTypeButton.swift */ = {isa = PBXFileReference; lastKnownFileType = sourcecode.swift; path = ScreenTypeButton.swift; sourceTree = "<group>"; };
		4A81731E21A6D8F200275BC9 /* ScreenType.swift */ = {isa = PBXFileReference; lastKnownFileType = sourcecode.swift; path = ScreenType.swift; sourceTree = "<group>"; };
		4A81732121A6DCEC00275BC9 /* cs */ = {isa = PBXFileReference; lastKnownFileType = text.plist.strings; name = cs; path = cs.lproj/LaunchScreen.strings; sourceTree = "<group>"; };
		4A81732321A6DD0500275BC9 /* cs */ = {isa = PBXFileReference; lastKnownFileType = text.plist.strings; name = cs; path = cs.lproj/Main.strings; sourceTree = "<group>"; };
		4A81732721A6DD2800275BC9 /* en */ = {isa = PBXFileReference; lastKnownFileType = text.plist.strings; name = en; path = en.lproj/Localizable.strings; sourceTree = "<group>"; };
		4A81732921A6DD2A00275BC9 /* cs */ = {isa = PBXFileReference; lastKnownFileType = text.plist.strings; name = cs; path = cs.lproj/Localizable.strings; sourceTree = "<group>"; };
		4A895D27212AFBD7003C0FFA /* ListViewController.swift */ = {isa = PBXFileReference; lastKnownFileType = sourcecode.swift; path = ListViewController.swift; sourceTree = "<group>"; };
		4AA9DAA3212D7EF80048AD0A /* LocationManager.swift */ = {isa = PBXFileReference; lastKnownFileType = sourcecode.swift; path = LocationManager.swift; sourceTree = "<group>"; };
		4AA9DAA7212D81B20048AD0A /* CLLocationManager+Rx.swift */ = {isa = PBXFileReference; fileEncoding = 4; lastKnownFileType = sourcecode.swift; path = "CLLocationManager+Rx.swift"; sourceTree = "<group>"; };
		4AA9DAA9212D81D40048AD0A /* RxCLLocationManagerDelegateProxy.swift */ = {isa = PBXFileReference; fileEncoding = 4; lastKnownFileType = sourcecode.swift; path = RxCLLocationManagerDelegateProxy.swift; sourceTree = "<group>"; };
		4AADE80C20E64E130048D9FE /* BaseViewController.swift */ = {isa = PBXFileReference; lastKnownFileType = sourcecode.swift; path = BaseViewController.swift; sourceTree = "<group>"; };
		4AADE81120E64EFF0048D9FE /* Location.swift */ = {isa = PBXFileReference; fileEncoding = 4; lastKnownFileType = sourcecode.swift; path = Location.swift; sourceTree = "<group>"; };
		4AADE81220E64EFF0048D9FE /* Place.swift */ = {isa = PBXFileReference; fileEncoding = 4; lastKnownFileType = sourcecode.swift; path = Place.swift; sourceTree = "<group>"; };
		4AADE81320E64EFF0048D9FE /* Photo.swift */ = {isa = PBXFileReference; fileEncoding = 4; lastKnownFileType = sourcecode.swift; path = Photo.swift; sourceTree = "<group>"; };
		4AADE81420E64EFF0048D9FE /* Tag.swift */ = {isa = PBXFileReference; fileEncoding = 4; lastKnownFileType = sourcecode.swift; path = Tag.swift; sourceTree = "<group>"; };
		4AADE81920E654DB0048D9FE /* Annotation.swift */ = {isa = PBXFileReference; lastKnownFileType = sourcecode.swift; path = Annotation.swift; sourceTree = "<group>"; };
		4AADE81C20E655250048D9FE /* GMSMapView+ClusterKit.m */ = {isa = PBXFileReference; fileEncoding = 4; lastKnownFileType = sourcecode.c.objc; path = "GMSMapView+ClusterKit.m"; sourceTree = "<group>"; };
		4AADE82420E655250048D9FE /* GMSMapView+ClusterKit.h */ = {isa = PBXFileReference; fileEncoding = 4; lastKnownFileType = sourcecode.c.h; path = "GMSMapView+ClusterKit.h"; sourceTree = "<group>"; };
		4AADE82520E655250048D9FE /* ExampleData.framework */ = {isa = PBXFileReference; lastKnownFileType = wrapper.framework; path = ExampleData.framework; sourceTree = "<group>"; };
		4AADE82620E655250048D9FE /* MapUtil.swift */ = {isa = PBXFileReference; fileEncoding = 4; lastKnownFileType = sourcecode.swift; path = MapUtil.swift; sourceTree = "<group>"; };
		4ABA2ABA20E65F770089FCE3 /* SearchViewController.swift */ = {isa = PBXFileReference; lastKnownFileType = sourcecode.swift; path = SearchViewController.swift; sourceTree = "<group>"; };
		4AC05D82215B7A3000B14351 /* TagView.swift */ = {isa = PBXFileReference; lastKnownFileType = sourcecode.swift; path = TagView.swift; sourceTree = "<group>"; };
		4ACA10BD20BC40A600812726 /* PrahaBrutalneKrasna.app */ = {isa = PBXFileReference; explicitFileType = wrapper.application; includeInIndex = 0; path = PrahaBrutalneKrasna.app; sourceTree = BUILT_PRODUCTS_DIR; };
		4ACA10C020BC40A600812726 /* AppDelegate.swift */ = {isa = PBXFileReference; lastKnownFileType = sourcecode.swift; path = AppDelegate.swift; sourceTree = "<group>"; };
		4ACA10C220BC40A600812726 /* MapViewController.swift */ = {isa = PBXFileReference; lastKnownFileType = sourcecode.swift; path = MapViewController.swift; sourceTree = "<group>"; };
		4ACA10C520BC40A600812726 /* Base */ = {isa = PBXFileReference; lastKnownFileType = file.storyboard; name = Base; path = Base.lproj/Main.storyboard; sourceTree = "<group>"; };
		4ACA10C720BC40A800812726 /* Assets.xcassets */ = {isa = PBXFileReference; lastKnownFileType = folder.assetcatalog; path = Assets.xcassets; sourceTree = "<group>"; };
		4ACA10CA20BC40A800812726 /* Base */ = {isa = PBXFileReference; lastKnownFileType = file.storyboard; name = Base; path = Base.lproj/LaunchScreen.storyboard; sourceTree = "<group>"; };
		4ACA10CC20BC40A800812726 /* Info.plist */ = {isa = PBXFileReference; lastKnownFileType = text.plist.xml; path = Info.plist; sourceTree = "<group>"; };
		4AE04AC221A7F7CE005B0733 /* TagManager.swift */ = {isa = PBXFileReference; lastKnownFileType = sourcecode.swift; path = TagManager.swift; sourceTree = "<group>"; };
		4AE04AC421ABF64C005B0733 /* AlignedLabel.swift */ = {isa = PBXFileReference; lastKnownFileType = sourcecode.swift; path = AlignedLabel.swift; sourceTree = "<group>"; };
		4AE04AC621ABFC00005B0733 /* ScrollView.swift */ = {isa = PBXFileReference; lastKnownFileType = sourcecode.swift; path = ScrollView.swift; sourceTree = "<group>"; };
		4AE04ACB21AC0268005B0733 /* PanExUtil.swift */ = {isa = PBXFileReference; fileEncoding = 4; lastKnownFileType = sourcecode.swift; path = PanExUtil.swift; sourceTree = "<group>"; };
		4AE04ACC21AC0268005B0733 /* PullSwipeExUtil.swift */ = {isa = PBXFileReference; fileEncoding = 4; lastKnownFileType = sourcecode.swift; path = PullSwipeExUtil.swift; sourceTree = "<group>"; };
		4AE04ACD21AC0268005B0733 /* ScrollViewExUtil.swift */ = {isa = PBXFileReference; fileEncoding = 4; lastKnownFileType = sourcecode.swift; path = ScrollViewExUtil.swift; sourceTree = "<group>"; };
		4AE04AD121AC1D14005B0733 /* TagButton.swift */ = {isa = PBXFileReference; lastKnownFileType = sourcecode.swift; path = TagButton.swift; sourceTree = "<group>"; };
		8FABAC95571D1A9D8B770A9D /* Pods_PrahaBrutalneKrasna.framework */ = {isa = PBXFileReference; explicitFileType = wrapper.framework; includeInIndex = 0; path = Pods_PrahaBrutalneKrasna.framework; sourceTree = BUILT_PRODUCTS_DIR; };
		F57DBA0D60D894CCCEE3FCA6 /* Pods-PrahaBrutalneKrasna.debug.xcconfig */ = {isa = PBXFileReference; includeInIndex = 1; lastKnownFileType = text.xcconfig; name = "Pods-PrahaBrutalneKrasna.debug.xcconfig"; path = "Pods/Target Support Files/Pods-PrahaBrutalneKrasna/Pods-PrahaBrutalneKrasna.debug.xcconfig"; sourceTree = "<group>"; };
		F80FB157049FC07179E45F8E /* Pods-PrahaBrutalneKrasna.release.xcconfig */ = {isa = PBXFileReference; includeInIndex = 1; lastKnownFileType = text.xcconfig; name = "Pods-PrahaBrutalneKrasna.release.xcconfig"; path = "Pods/Target Support Files/Pods-PrahaBrutalneKrasna/Pods-PrahaBrutalneKrasna.release.xcconfig"; sourceTree = "<group>"; };
/* End PBXFileReference section */

/* Begin PBXFrameworksBuildPhase section */
		4ACA10BA20BC40A600812726 /* Frameworks */ = {
			isa = PBXFrameworksBuildPhase;
			buildActionMask = 2147483647;
			files = (
				A26E9BD8824C000930459858 /* Pods_PrahaBrutalneKrasna.framework in Frameworks */,
			);
			runOnlyForDeploymentPostprocessing = 0;
		};
/* End PBXFrameworksBuildPhase section */

/* Begin PBXGroup section */
		11BB738D75986521ABFAD574 /* Pods */ = {
			isa = PBXGroup;
			children = (
				F57DBA0D60D894CCCEE3FCA6 /* Pods-PrahaBrutalneKrasna.debug.xcconfig */,
				F80FB157049FC07179E45F8E /* Pods-PrahaBrutalneKrasna.release.xcconfig */,
			);
			name = Pods;
			sourceTree = "<group>";
		};
		4A06C3E3213980060043E9B6 /* PlaceDetail */ = {
			isa = PBXGroup;
			children = (
				4A06C3EA213981E10043E9B6 /* Gallery */,
				4A06C3E4213980180043E9B6 /* PlaceDetailViewController.swift */,
				4A06C3E6213980240043E9B6 /* PlaceDetailInfoViewController.swift */,
			);
			path = PlaceDetail;
			sourceTree = "<group>";
		};
		4A06C3EA213981E10043E9B6 /* Gallery */ = {
			isa = PBXGroup;
			children = (
				4A06C3E82139802C0043E9B6 /* PlaceDetailGalleryViewController.swift */,
				4A06C3EB213982050043E9B6 /* PlaceDetailGalleryCollectionViewCell.swift */,
			);
			path = Gallery;
			sourceTree = "<group>";
		};
		4A06C3FA213D85050043E9B6 /* Extensions */ = {
			isa = PBXGroup;
			children = (
				4AE04ACA21AC0268005B0733 /* PullExtension */,
				4A06C3FB213D85140043E9B6 /* String.swift */,
				4A24596121401973001E6007 /* StackView.swift */,
				4AE04AC621ABFC00005B0733 /* ScrollView.swift */,
				4A24596321413A82001E6007 /* View.swift */,
				4A04498B2159138400287C5E /* Color.swift */,
			);
			path = Extensions;
			sourceTree = "<group>";
		};
		4A4C3B3A212D94350077DF37 /* Services */ = {
			isa = PBXGroup;
			children = (
				4A1D96D020D3D38F003F5F01 /* Service.swift */,
				4A4C3B38212D90380077DF37 /* PlacesService.swift */,
			);
			path = Services;
			sourceTree = "<group>";
		};
		4A4C3B3B212D94480077DF37 /* Managers */ = {
			isa = PBXGroup;
			children = (
				4AA9DAA3212D7EF80048AD0A /* LocationManager.swift */,
				4AE04AC221A7F7CE005B0733 /* TagManager.swift */,
			);
			path = Managers;
			sourceTree = "<group>";
		};
		4A4C3B3C212D94590077DF37 /* Views */ = {
			isa = PBXGroup;
			children = (
				4AC05D81215B7A1C00B14351 /* Components */,
				4A06C3E3213980060043E9B6 /* PlaceDetail */,
				4A4C3B3D212D946D0077DF37 /* List */,
				4ABA2ABA20E65F770089FCE3 /* SearchViewController.swift */,
				4ACA10C220BC40A600812726 /* MapViewController.swift */,
				4AADE80C20E64E130048D9FE /* BaseViewController.swift */,
			);
			path = Views;
			sourceTree = "<group>";
		};
		4A4C3B3D212D946D0077DF37 /* List */ = {
			isa = PBXGroup;
			children = (
				4A895D27212AFBD7003C0FFA /* ListViewController.swift */,
				4A4C3B3E212D94910077DF37 /* ListTableViewCell.swift */,
			);
			path = List;
			sourceTree = "<group>";
		};
		4A5BD6D7212AFD25005AAE3C /* Example-data */ = {
			isa = PBXGroup;
			children = (
				4A5BD6D8212AFD25005AAE3C /* CKGeoPointOperation.m */,
				4A5BD6D9212AFD25005AAE3C /* stations.geojson */,
				4A5BD6DA212AFD25005AAE3C /* ExampleData.h */,
				4A5BD6DB212AFD25005AAE3C /* CKGeoPointOperation.h */,
				4A5BD6DC212AFD25005AAE3C /* random.geojson */,
			);
			path = "Example-data";
			sourceTree = "<group>";
		};
		4A81732021A6D98000275BC9 /* Enums */ = {
			isa = PBXGroup;
			children = (
				4A81731E21A6D8F200275BC9 /* ScreenType.swift */,
			);
			path = Enums;
			sourceTree = "<group>";
		};
		4AA9DAAB212D81D70048AD0A /* RxLocationManager */ = {
			isa = PBXGroup;
			children = (
				4AA9DAA9212D81D40048AD0A /* RxCLLocationManagerDelegateProxy.swift */,
				4AA9DAA7212D81B20048AD0A /* CLLocationManager+Rx.swift */,
			);
			path = RxLocationManager;
			sourceTree = "<group>";
		};
		4AA9DAAC212D81E80048AD0A /* External */ = {
			isa = PBXGroup;
			children = (
				4A06C3FD213EAD210043E9B6 /* KingfisherSource.swift */,
				4AA9DAAB212D81D70048AD0A /* RxLocationManager */,
				4AADE81B20E655250048D9FE /* GoogleMaps */,
			);
			path = External;
			sourceTree = "<group>";
		};
		4AADE81020E64EFF0048D9FE /* Model */ = {
			isa = PBXGroup;
			children = (
				4AADE81120E64EFF0048D9FE /* Location.swift */,
				4AADE81220E64EFF0048D9FE /* Place.swift */,
				4AADE81320E64EFF0048D9FE /* Photo.swift */,
				4AADE81420E64EFF0048D9FE /* Tag.swift */,
			);
			path = Model;
			sourceTree = "<group>";
		};
		4AADE81B20E655250048D9FE /* GoogleMaps */ = {
			isa = PBXGroup;
			children = (
				4A5BD6D7212AFD25005AAE3C /* Example-data */,
				4AADE81C20E655250048D9FE /* GMSMapView+ClusterKit.m */,
				4AADE82420E655250048D9FE /* GMSMapView+ClusterKit.h */,
				4AADE82520E655250048D9FE /* ExampleData.framework */,
				4AADE82620E655250048D9FE /* MapUtil.swift */,
			);
			path = GoogleMaps;
			sourceTree = "<group>";
		};
		4AC05D81215B7A1C00B14351 /* Components */ = {
			isa = PBXGroup;
			children = (
				4AADE81920E654DB0048D9FE /* Annotation.swift */,
				4AE04AD121AC1D14005B0733 /* TagButton.swift */,
				4AC05D82215B7A3000B14351 /* TagView.swift */,
				4A81731C21A6D89200275BC9 /* ScreenTypeButton.swift */,
				4AE04AC421ABF64C005B0733 /* AlignedLabel.swift */,
			);
			path = Components;
			sourceTree = "<group>";
		};
		4ACA10B420BC40A600812726 = {
			isa = PBXGroup;
			children = (
				4ACA10BF20BC40A600812726 /* Places */,
				4ACA10BE20BC40A600812726 /* Products */,
				11BB738D75986521ABFAD574 /* Pods */,
				BF5419B32CB0CB8EC9FFD545 /* Frameworks */,
			);
			sourceTree = "<group>";
		};
		4ACA10BE20BC40A600812726 /* Products */ = {
			isa = PBXGroup;
			children = (
				4ACA10BD20BC40A600812726 /* PrahaBrutalneKrasna.app */,
			);
			name = Products;
			sourceTree = "<group>";
		};
		4ACA10BF20BC40A600812726 /* Places */ = {
			isa = PBXGroup;
			children = (
				4A747D2621AFFECA005951AE /* GoogleService-Info.plist */,
				4ACA10C020BC40A600812726 /* AppDelegate.swift */,
				4ACA10C720BC40A800812726 /* Assets.xcassets */,
				4A1D96CF20D3B13D003F5F01 /* Bridging.h */,
				4A81731921A5B84700275BC9 /* Config.swift */,
				4A81732021A6D98000275BC9 /* Enums */,
				4A06C3FA213D85050043E9B6 /* Extensions */,
				4AA9DAAC212D81E80048AD0A /* External */,
				4ACA10CC20BC40A800812726 /* Info.plist */,
				4A81732821A6DD2800275BC9 /* Localizable.strings */,
				4ACA10C920BC40A800812726 /* LaunchScreen.storyboard */,
				4ACA10C420BC40A600812726 /* Main.storyboard */,
				4A4C3B3B212D94480077DF37 /* Managers */,
				4A10C88620F38657009F438D /* MenuButton.swift */,
				4AADE81020E64EFF0048D9FE /* Model */,
				4A4C3B3A212D94350077DF37 /* Services */,
				4A81731421A5B37B00275BC9 /* style.json */,
				4A747D2A21B01260005951AE /* 18_PBK_mapa-JSON_v02.json */,
				4A4C3B3C212D94590077DF37 /* Views */,
			);
			path = Places;
			sourceTree = "<group>";
		};
		4AE04ACA21AC0268005B0733 /* PullExtension */ = {
			isa = PBXGroup;
			children = (
				4AE04ACB21AC0268005B0733 /* PanExUtil.swift */,
				4AE04ACC21AC0268005B0733 /* PullSwipeExUtil.swift */,
				4AE04ACD21AC0268005B0733 /* ScrollViewExUtil.swift */,
			);
			path = PullExtension;
			sourceTree = "<group>";
		};
		BF5419B32CB0CB8EC9FFD545 /* Frameworks */ = {
			isa = PBXGroup;
			children = (
				8FABAC95571D1A9D8B770A9D /* Pods_PrahaBrutalneKrasna.framework */,
			);
			name = Frameworks;
			sourceTree = "<group>";
		};
/* End PBXGroup section */

/* Begin PBXNativeTarget section */
		4ACA10BC20BC40A600812726 /* PrahaBrutalneKrasna */ = {
			isa = PBXNativeTarget;
			buildConfigurationList = 4ACA10CF20BC40A800812726 /* Build configuration list for PBXNativeTarget "PrahaBrutalneKrasna" */;
			buildPhases = (
				68CCB8CEA4346D09CD593F52 /* [CP] Check Pods Manifest.lock */,
				4ACA10B920BC40A600812726 /* Sources */,
				4ACA10BA20BC40A600812726 /* Frameworks */,
				4ACA10BB20BC40A600812726 /* Resources */,
				04B0D7E141D2CDE5C4FAA2BB /* [CP] Embed Pods Frameworks */,
				783176017192C3B743515679 /* [CP] Copy Pods Resources */,
				4A5EF97C21C250E7008635AD /* ShellScript */,
			);
			buildRules = (
			);
			dependencies = (
			);
			name = PrahaBrutalneKrasna;
			productName = ModernArchitecture;
			productReference = 4ACA10BD20BC40A600812726 /* PrahaBrutalneKrasna.app */;
			productType = "com.apple.product-type.application";
		};
/* End PBXNativeTarget section */

/* Begin PBXProject section */
		4ACA10B520BC40A600812726 /* Project object */ = {
			isa = PBXProject;
			attributes = {
				LastSwiftUpdateCheck = 0930;
				LastUpgradeCheck = 0930;
				ORGANIZATIONNAME = "Matěj Novák";
				TargetAttributes = {
					4ACA10BC20BC40A600812726 = {
						CreatedOnToolsVersion = 9.3;
						LastSwiftMigration = 1000;
					};
				};
			};
			buildConfigurationList = 4ACA10B820BC40A600812726 /* Build configuration list for PBXProject "Places" */;
			compatibilityVersion = "Xcode 9.3";
			developmentRegion = en;
			hasScannedForEncodings = 0;
			knownRegions = (
				en,
				Base,
				cs,
			);
			mainGroup = 4ACA10B420BC40A600812726;
			productRefGroup = 4ACA10BE20BC40A600812726 /* Products */;
			projectDirPath = "";
			projectRoot = "";
			targets = (
				4ACA10BC20BC40A600812726 /* PrahaBrutalneKrasna */,
			);
		};
/* End PBXProject section */

/* Begin PBXResourcesBuildPhase section */
		4ACA10BB20BC40A600812726 /* Resources */ = {
			isa = PBXResourcesBuildPhase;
			buildActionMask = 2147483647;
			files = (
				4A5BD6DF212AFD26005AAE3C /* stations.geojson in Resources */,
				4ACA10CB20BC40A800812726 /* LaunchScreen.storyboard in Resources */,
				4A5BD6E0212AFD26005AAE3C /* random.geojson in Resources */,
				4A747D2B21B01260005951AE /* 18_PBK_mapa-JSON_v02.json in Resources */,
				4A81732621A6DD2800275BC9 /* Localizable.strings in Resources */,
				4A81731521A5B37B00275BC9 /* style.json in Resources */,
				4A747D2721AFFECA005951AE /* GoogleService-Info.plist in Resources */,
				4ACA10C820BC40A800812726 /* Assets.xcassets in Resources */,
				4ACA10C620BC40A600812726 /* Main.storyboard in Resources */,
			);
			runOnlyForDeploymentPostprocessing = 0;
		};
/* End PBXResourcesBuildPhase section */

/* Begin PBXShellScriptBuildPhase section */
		04B0D7E141D2CDE5C4FAA2BB /* [CP] Embed Pods Frameworks */ = {
			isa = PBXShellScriptBuildPhase;
			buildActionMask = 2147483647;
			files = (
			);
			inputPaths = (
				"${SRCROOT}/Pods/Target Support Files/Pods-PrahaBrutalneKrasna/Pods-PrahaBrutalneKrasna-frameworks.sh",
				"${BUILT_PRODUCTS_DIR}/Alamofire/Alamofire.framework",
				"${BUILT_PRODUCTS_DIR}/ClusterKit/ClusterKit.framework",
				"${BUILT_PRODUCTS_DIR}/Differentiator/Differentiator.framework",
				"${BUILT_PRODUCTS_DIR}/GTMSessionFetcher/GTMSessionFetcher.framework",
				"${BUILT_PRODUCTS_DIR}/GeoJSONSerialization/GeoJSONSerialization.framework",
				"${BUILT_PRODUCTS_DIR}/GoogleToolboxForMac/GoogleToolboxForMac.framework",
				"${BUILT_PRODUCTS_DIR}/GoogleUtilities/GoogleUtilities.framework",
				"${BUILT_PRODUCTS_DIR}/Hero/Hero.framework",
				"${BUILT_PRODUCTS_DIR}/KFImageViewer/KFImageViewer.framework",
				"${BUILT_PRODUCTS_DIR}/Kingfisher/Kingfisher.framework",
				"${BUILT_PRODUCTS_DIR}/Moya/Moya.framework",
				"${BUILT_PRODUCTS_DIR}/Protobuf/Protobuf.framework",
				"${BUILT_PRODUCTS_DIR}/Result/Result.framework",
				"${BUILT_PRODUCTS_DIR}/RxAtomic/RxAtomic.framework",
				"${BUILT_PRODUCTS_DIR}/RxCocoa/RxCocoa.framework",
				"${BUILT_PRODUCTS_DIR}/RxDataSources/RxDataSources.framework",
				"${BUILT_PRODUCTS_DIR}/RxGesture/RxGesture.framework",
				"${BUILT_PRODUCTS_DIR}/RxSwift/RxSwift.framework",
				"${BUILT_PRODUCTS_DIR}/SnapKit/SnapKit.framework",
				"${BUILT_PRODUCTS_DIR}/SwiftyJSON/SwiftyJSON.framework",
				"${BUILT_PRODUCTS_DIR}/UIEmptyState/UIEmptyState.framework",
				"${BUILT_PRODUCTS_DIR}/nanopb/nanopb.framework",
			);
			name = "[CP] Embed Pods Frameworks";
			outputPaths = (
				"${TARGET_BUILD_DIR}/${FRAMEWORKS_FOLDER_PATH}/Alamofire.framework",
				"${TARGET_BUILD_DIR}/${FRAMEWORKS_FOLDER_PATH}/ClusterKit.framework",
				"${TARGET_BUILD_DIR}/${FRAMEWORKS_FOLDER_PATH}/Differentiator.framework",
				"${TARGET_BUILD_DIR}/${FRAMEWORKS_FOLDER_PATH}/GTMSessionFetcher.framework",
				"${TARGET_BUILD_DIR}/${FRAMEWORKS_FOLDER_PATH}/GeoJSONSerialization.framework",
				"${TARGET_BUILD_DIR}/${FRAMEWORKS_FOLDER_PATH}/GoogleToolboxForMac.framework",
				"${TARGET_BUILD_DIR}/${FRAMEWORKS_FOLDER_PATH}/GoogleUtilities.framework",
				"${TARGET_BUILD_DIR}/${FRAMEWORKS_FOLDER_PATH}/Hero.framework",
				"${TARGET_BUILD_DIR}/${FRAMEWORKS_FOLDER_PATH}/KFImageViewer.framework",
				"${TARGET_BUILD_DIR}/${FRAMEWORKS_FOLDER_PATH}/Kingfisher.framework",
				"${TARGET_BUILD_DIR}/${FRAMEWORKS_FOLDER_PATH}/Moya.framework",
				"${TARGET_BUILD_DIR}/${FRAMEWORKS_FOLDER_PATH}/Protobuf.framework",
				"${TARGET_BUILD_DIR}/${FRAMEWORKS_FOLDER_PATH}/Result.framework",
				"${TARGET_BUILD_DIR}/${FRAMEWORKS_FOLDER_PATH}/RxAtomic.framework",
				"${TARGET_BUILD_DIR}/${FRAMEWORKS_FOLDER_PATH}/RxCocoa.framework",
				"${TARGET_BUILD_DIR}/${FRAMEWORKS_FOLDER_PATH}/RxDataSources.framework",
				"${TARGET_BUILD_DIR}/${FRAMEWORKS_FOLDER_PATH}/RxGesture.framework",
				"${TARGET_BUILD_DIR}/${FRAMEWORKS_FOLDER_PATH}/RxSwift.framework",
				"${TARGET_BUILD_DIR}/${FRAMEWORKS_FOLDER_PATH}/SnapKit.framework",
				"${TARGET_BUILD_DIR}/${FRAMEWORKS_FOLDER_PATH}/SwiftyJSON.framework",
				"${TARGET_BUILD_DIR}/${FRAMEWORKS_FOLDER_PATH}/UIEmptyState.framework",
				"${TARGET_BUILD_DIR}/${FRAMEWORKS_FOLDER_PATH}/nanopb.framework",
			);
			runOnlyForDeploymentPostprocessing = 0;
			shellPath = /bin/sh;
			shellScript = "\"${SRCROOT}/Pods/Target Support Files/Pods-PrahaBrutalneKrasna/Pods-PrahaBrutalneKrasna-frameworks.sh\"\n";
			showEnvVarsInLog = 0;
		};
		4A5EF97C21C250E7008635AD /* ShellScript */ = {
			isa = PBXShellScriptBuildPhase;
			buildActionMask = 2147483647;
			files = (
			);
			inputFileListPaths = (
			);
			inputPaths = (
				"$(SRCROOT)/$(BUILT_PRODUCTS_DIR)/$(INFOPLIST_PATH)",
			);
			outputFileListPaths = (
			);
			outputPaths = (
			);
			runOnlyForDeploymentPostprocessing = 0;
			shellPath = /bin/sh;
			shellScript = "\"${PODS_ROOT}/Fabric/run\"\n";
		};
		68CCB8CEA4346D09CD593F52 /* [CP] Check Pods Manifest.lock */ = {
			isa = PBXShellScriptBuildPhase;
			buildActionMask = 2147483647;
			files = (
			);
			inputPaths = (
				"${PODS_PODFILE_DIR_PATH}/Podfile.lock",
				"${PODS_ROOT}/Manifest.lock",
			);
			name = "[CP] Check Pods Manifest.lock";
			outputPaths = (
				"$(DERIVED_FILE_DIR)/Pods-PrahaBrutalneKrasna-checkManifestLockResult.txt",
			);
			runOnlyForDeploymentPostprocessing = 0;
			shellPath = /bin/sh;
			shellScript = "diff \"${PODS_PODFILE_DIR_PATH}/Podfile.lock\" \"${PODS_ROOT}/Manifest.lock\" > /dev/null\nif [ $? != 0 ] ; then\n    # print error to STDERR\n    echo \"error: The sandbox is not in sync with the Podfile.lock. Run 'pod install' or update your CocoaPods installation.\" >&2\n    exit 1\nfi\n# This output is used by Xcode 'outputs' to avoid re-running this script phase.\necho \"SUCCESS\" > \"${SCRIPT_OUTPUT_FILE_0}\"\n";
			showEnvVarsInLog = 0;
		};
		783176017192C3B743515679 /* [CP] Copy Pods Resources */ = {
			isa = PBXShellScriptBuildPhase;
			buildActionMask = 2147483647;
			files = (
			);
			inputPaths = (
				"${SRCROOT}/Pods/Target Support Files/Pods-PrahaBrutalneKrasna/Pods-PrahaBrutalneKrasna-resources.sh",
				"${PODS_ROOT}/GoogleMaps/Maps/Frameworks/GoogleMaps.framework/Resources/GoogleMaps.bundle",
				"${PODS_ROOT}/TestFairy/upload-dsym.sh",
			);
			name = "[CP] Copy Pods Resources";
			outputPaths = (
				"${TARGET_BUILD_DIR}/${UNLOCALIZED_RESOURCES_FOLDER_PATH}/GoogleMaps.bundle",
				"${TARGET_BUILD_DIR}/${UNLOCALIZED_RESOURCES_FOLDER_PATH}/upload-dsym.sh",
			);
			runOnlyForDeploymentPostprocessing = 0;
			shellPath = /bin/sh;
			shellScript = "\"${SRCROOT}/Pods/Target Support Files/Pods-PrahaBrutalneKrasna/Pods-PrahaBrutalneKrasna-resources.sh\"\n";
			showEnvVarsInLog = 0;
		};
/* End PBXShellScriptBuildPhase section */

/* Begin PBXSourcesBuildPhase section */
		4ACA10B920BC40A600812726 /* Sources */ = {
			isa = PBXSourcesBuildPhase;
			buildActionMask = 2147483647;
			files = (
				4AA9DAA8212D81B30048AD0A /* CLLocationManager+Rx.swift in Sources */,
				4A81731F21A6D8F300275BC9 /* ScreenType.swift in Sources */,
				4AE04AD221AC1D14005B0733 /* TagButton.swift in Sources */,
				4AE04ACF21AC0268005B0733 /* PullSwipeExUtil.swift in Sources */,
				4ACA10C320BC40A600812726 /* MapViewController.swift in Sources */,
				4A10C88720F38657009F438D /* MenuButton.swift in Sources */,
				4AADE80D20E64E130048D9FE /* BaseViewController.swift in Sources */,
				4ACA10C120BC40A600812726 /* AppDelegate.swift in Sources */,
				4A4C3B39212D90380077DF37 /* PlacesService.swift in Sources */,
				4AA9DAA4212D7EF80048AD0A /* LocationManager.swift in Sources */,
				4AE04AC321A7F7CE005B0733 /* TagManager.swift in Sources */,
				4A1D96D120D3D38F003F5F01 /* Service.swift in Sources */,
				4A81731A21A5B84700275BC9 /* Config.swift in Sources */,
				4A06C3FE213EAD210043E9B6 /* KingfisherSource.swift in Sources */,
				4AE04AD021AC0268005B0733 /* ScrollViewExUtil.swift in Sources */,
				4AADE82D20E655250048D9FE /* MapUtil.swift in Sources */,
				4A06C3E5213980180043E9B6 /* PlaceDetailViewController.swift in Sources */,
				4AC05D83215B7A3000B14351 /* TagView.swift in Sources */,
				4A4C3B3F212D94910077DF37 /* ListTableViewCell.swift in Sources */,
				4A24596421413A82001E6007 /* View.swift in Sources */,
				4AE04ACE21AC0268005B0733 /* PanExUtil.swift in Sources */,
				4AE04AC721ABFC00005B0733 /* ScrollView.swift in Sources */,
				4A81731D21A6D89200275BC9 /* ScreenTypeButton.swift in Sources */,
				4AADE81720E64F000048D9FE /* Photo.swift in Sources */,
				4AE04AC521ABF64C005B0733 /* AlignedLabel.swift in Sources */,
				4A895D28212AFBD7003C0FFA /* ListViewController.swift in Sources */,
				4A24596221401973001E6007 /* StackView.swift in Sources */,
				4AADE82720E655250048D9FE /* GMSMapView+ClusterKit.m in Sources */,
				4A04498C2159138400287C5E /* Color.swift in Sources */,
				4A5BD6DE212AFD26005AAE3C /* CKGeoPointOperation.m in Sources */,
				4A06C3E7213980240043E9B6 /* PlaceDetailInfoViewController.swift in Sources */,
				4A06C3E92139802C0043E9B6 /* PlaceDetailGalleryViewController.swift in Sources */,
				4A06C3FC213D85140043E9B6 /* String.swift in Sources */,
				4ABA2ABB20E65F770089FCE3 /* SearchViewController.swift in Sources */,
				4AA9DAAA212D81D40048AD0A /* RxCLLocationManagerDelegateProxy.swift in Sources */,
				4AADE81820E64F000048D9FE /* Tag.swift in Sources */,
				4A06C3EC213982050043E9B6 /* PlaceDetailGalleryCollectionViewCell.swift in Sources */,
				4AADE81520E64F000048D9FE /* Location.swift in Sources */,
				4AADE81A20E654DB0048D9FE /* Annotation.swift in Sources */,
				4AADE81620E64F000048D9FE /* Place.swift in Sources */,
			);
			runOnlyForDeploymentPostprocessing = 0;
		};
/* End PBXSourcesBuildPhase section */

/* Begin PBXVariantGroup section */
		4A81732821A6DD2800275BC9 /* Localizable.strings */ = {
			isa = PBXVariantGroup;
			children = (
				4A81732721A6DD2800275BC9 /* en */,
				4A81732921A6DD2A00275BC9 /* cs */,
			);
			name = Localizable.strings;
			sourceTree = "<group>";
		};
		4ACA10C420BC40A600812726 /* Main.storyboard */ = {
			isa = PBXVariantGroup;
			children = (
				4ACA10C520BC40A600812726 /* Base */,
				4A81732321A6DD0500275BC9 /* cs */,
			);
			name = Main.storyboard;
			sourceTree = "<group>";
		};
		4ACA10C920BC40A800812726 /* LaunchScreen.storyboard */ = {
			isa = PBXVariantGroup;
			children = (
				4ACA10CA20BC40A800812726 /* Base */,
				4A81732121A6DCEC00275BC9 /* cs */,
			);
			name = LaunchScreen.storyboard;
			sourceTree = "<group>";
		};
/* End PBXVariantGroup section */

/* Begin XCBuildConfiguration section */
		4ACA10CD20BC40A800812726 /* Debug */ = {
			isa = XCBuildConfiguration;
			buildSettings = {
				ALWAYS_SEARCH_USER_PATHS = NO;
				CLANG_ANALYZER_LOCALIZABILITY_NONLOCALIZED = YES;
				CLANG_ANALYZER_NONNULL = YES;
				CLANG_ANALYZER_NUMBER_OBJECT_CONVERSION = YES_AGGRESSIVE;
				CLANG_CXX_LANGUAGE_STANDARD = "gnu++14";
				CLANG_CXX_LIBRARY = "libc++";
				CLANG_ENABLE_MODULES = YES;
				CLANG_ENABLE_OBJC_ARC = YES;
				CLANG_ENABLE_OBJC_WEAK = YES;
				CLANG_WARN_BLOCK_CAPTURE_AUTORELEASING = YES;
				CLANG_WARN_BOOL_CONVERSION = YES;
				CLANG_WARN_COMMA = YES;
				CLANG_WARN_CONSTANT_CONVERSION = YES;
				CLANG_WARN_DEPRECATED_OBJC_IMPLEMENTATIONS = YES;
				CLANG_WARN_DIRECT_OBJC_ISA_USAGE = YES_ERROR;
				CLANG_WARN_DOCUMENTATION_COMMENTS = YES;
				CLANG_WARN_EMPTY_BODY = YES;
				CLANG_WARN_ENUM_CONVERSION = YES;
				CLANG_WARN_INFINITE_RECURSION = YES;
				CLANG_WARN_INT_CONVERSION = YES;
				CLANG_WARN_NON_LITERAL_NULL_CONVERSION = YES;
				CLANG_WARN_OBJC_IMPLICIT_RETAIN_SELF = YES;
				CLANG_WARN_OBJC_LITERAL_CONVERSION = YES;
				CLANG_WARN_OBJC_ROOT_CLASS = YES_ERROR;
				CLANG_WARN_RANGE_LOOP_ANALYSIS = YES;
				CLANG_WARN_STRICT_PROTOTYPES = YES;
				CLANG_WARN_SUSPICIOUS_MOVE = YES;
				CLANG_WARN_UNGUARDED_AVAILABILITY = YES_AGGRESSIVE;
				CLANG_WARN_UNREACHABLE_CODE = YES;
				CLANG_WARN__DUPLICATE_METHOD_MATCH = YES;
				CODE_SIGN_IDENTITY = "iPhone Developer";
				COPY_PHASE_STRIP = NO;
				DEBUG_INFORMATION_FORMAT = dwarf;
				ENABLE_STRICT_OBJC_MSGSEND = YES;
				ENABLE_TESTABILITY = YES;
				GCC_C_LANGUAGE_STANDARD = gnu11;
				GCC_DYNAMIC_NO_PIC = NO;
				GCC_NO_COMMON_BLOCKS = YES;
				GCC_OPTIMIZATION_LEVEL = 0;
				GCC_PREPROCESSOR_DEFINITIONS = (
					"DEBUG=1",
					"$(inherited)",
				);
				GCC_WARN_64_TO_32_BIT_CONVERSION = YES;
				GCC_WARN_ABOUT_RETURN_TYPE = YES_ERROR;
				GCC_WARN_UNDECLARED_SELECTOR = YES;
				GCC_WARN_UNINITIALIZED_AUTOS = YES_AGGRESSIVE;
				GCC_WARN_UNUSED_FUNCTION = YES;
				GCC_WARN_UNUSED_VARIABLE = YES;
				IPHONEOS_DEPLOYMENT_TARGET = 11.3;
				MTL_ENABLE_DEBUG_INFO = YES;
				ONLY_ACTIVE_ARCH = YES;
				SDKROOT = iphoneos;
				SWIFT_ACTIVE_COMPILATION_CONDITIONS = DEBUG;
				SWIFT_OPTIMIZATION_LEVEL = "-Onone";
				SWIFT_VERSION = 4.2;
			};
			name = Debug;
		};
		4ACA10CE20BC40A800812726 /* Release */ = {
			isa = XCBuildConfiguration;
			buildSettings = {
				ALWAYS_SEARCH_USER_PATHS = NO;
				CLANG_ANALYZER_LOCALIZABILITY_NONLOCALIZED = YES;
				CLANG_ANALYZER_NONNULL = YES;
				CLANG_ANALYZER_NUMBER_OBJECT_CONVERSION = YES_AGGRESSIVE;
				CLANG_CXX_LANGUAGE_STANDARD = "gnu++14";
				CLANG_CXX_LIBRARY = "libc++";
				CLANG_ENABLE_MODULES = YES;
				CLANG_ENABLE_OBJC_ARC = YES;
				CLANG_ENABLE_OBJC_WEAK = YES;
				CLANG_WARN_BLOCK_CAPTURE_AUTORELEASING = YES;
				CLANG_WARN_BOOL_CONVERSION = YES;
				CLANG_WARN_COMMA = YES;
				CLANG_WARN_CONSTANT_CONVERSION = YES;
				CLANG_WARN_DEPRECATED_OBJC_IMPLEMENTATIONS = YES;
				CLANG_WARN_DIRECT_OBJC_ISA_USAGE = YES_ERROR;
				CLANG_WARN_DOCUMENTATION_COMMENTS = YES;
				CLANG_WARN_EMPTY_BODY = YES;
				CLANG_WARN_ENUM_CONVERSION = YES;
				CLANG_WARN_INFINITE_RECURSION = YES;
				CLANG_WARN_INT_CONVERSION = YES;
				CLANG_WARN_NON_LITERAL_NULL_CONVERSION = YES;
				CLANG_WARN_OBJC_IMPLICIT_RETAIN_SELF = YES;
				CLANG_WARN_OBJC_LITERAL_CONVERSION = YES;
				CLANG_WARN_OBJC_ROOT_CLASS = YES_ERROR;
				CLANG_WARN_RANGE_LOOP_ANALYSIS = YES;
				CLANG_WARN_STRICT_PROTOTYPES = YES;
				CLANG_WARN_SUSPICIOUS_MOVE = YES;
				CLANG_WARN_UNGUARDED_AVAILABILITY = YES_AGGRESSIVE;
				CLANG_WARN_UNREACHABLE_CODE = YES;
				CLANG_WARN__DUPLICATE_METHOD_MATCH = YES;
				CODE_SIGN_IDENTITY = "iPhone Developer";
				COPY_PHASE_STRIP = NO;
				DEBUG_INFORMATION_FORMAT = "dwarf-with-dsym";
				ENABLE_NS_ASSERTIONS = NO;
				ENABLE_STRICT_OBJC_MSGSEND = YES;
				GCC_C_LANGUAGE_STANDARD = gnu11;
				GCC_NO_COMMON_BLOCKS = YES;
				GCC_WARN_64_TO_32_BIT_CONVERSION = YES;
				GCC_WARN_ABOUT_RETURN_TYPE = YES_ERROR;
				GCC_WARN_UNDECLARED_SELECTOR = YES;
				GCC_WARN_UNINITIALIZED_AUTOS = YES_AGGRESSIVE;
				GCC_WARN_UNUSED_FUNCTION = YES;
				GCC_WARN_UNUSED_VARIABLE = YES;
				IPHONEOS_DEPLOYMENT_TARGET = 11.3;
				MTL_ENABLE_DEBUG_INFO = NO;
				SDKROOT = iphoneos;
				SWIFT_COMPILATION_MODE = wholemodule;
				SWIFT_OPTIMIZATION_LEVEL = "-O";
				SWIFT_VERSION = 4.2;
				VALIDATE_PRODUCT = YES;
			};
			name = Release;
		};
		4ACA10D020BC40A800812726 /* Debug */ = {
			isa = XCBuildConfiguration;
			baseConfigurationReference = F57DBA0D60D894CCCEE3FCA6 /* Pods-PrahaBrutalneKrasna.debug.xcconfig */;
			buildSettings = {
				ASSETCATALOG_COMPILER_APPICON_NAME = AppIcon;
				CODE_SIGN_STYLE = Automatic;
				DEVELOPMENT_TEAM = V9P485GC85;
				FRAMEWORK_SEARCH_PATHS = (
					"$(inherited)",
					"$(PROJECT_DIR)/Places/External/GoogleMaps",
				);
				INFOPLIST_FILE = Places/Info.plist;
				LD_RUNPATH_SEARCH_PATHS = (
					"$(inherited)",
					"@executable_path/Frameworks",
				);
				PRODUCT_BUNDLE_IDENTIFIER = cz.visualio.pbk;
				PRODUCT_NAME = "$(TARGET_NAME)";
				SWIFT_OBJC_BRIDGING_HEADER = "$(PROJECT_DIR)/$(PROJECT_NAME)/Bridging.h";
				SWIFT_VERSION = 4.2;
				TARGETED_DEVICE_FAMILY = 1;
			};
			name = Debug;
		};
		4ACA10D120BC40A800812726 /* Release */ = {
			isa = XCBuildConfiguration;
			baseConfigurationReference = F80FB157049FC07179E45F8E /* Pods-PrahaBrutalneKrasna.release.xcconfig */;
			buildSettings = {
				ASSETCATALOG_COMPILER_APPICON_NAME = AppIcon;
				CODE_SIGN_STYLE = Automatic;
				DEVELOPMENT_TEAM = V9P485GC85;
				FRAMEWORK_SEARCH_PATHS = (
					"$(inherited)",
					"$(PROJECT_DIR)/Places/External/GoogleMaps",
				);
				INFOPLIST_FILE = Places/Info.plist;
				LD_RUNPATH_SEARCH_PATHS = (
					"$(inherited)",
					"@executable_path/Frameworks",
				);
				PRODUCT_BUNDLE_IDENTIFIER = cz.visualio.pbk;
				PRODUCT_NAME = "$(TARGET_NAME)";
				SWIFT_OBJC_BRIDGING_HEADER = "$(PROJECT_DIR)/$(PROJECT_NAME)/Bridging.h";
				SWIFT_VERSION = 4.2;
				TARGETED_DEVICE_FAMILY = 1;
			};
			name = Release;
		};
/* End XCBuildConfiguration section */

/* Begin XCConfigurationList section */
		4ACA10B820BC40A600812726 /* Build configuration list for PBXProject "Places" */ = {
			isa = XCConfigurationList;
			buildConfigurations = (
				4ACA10CD20BC40A800812726 /* Debug */,
				4ACA10CE20BC40A800812726 /* Release */,
			);
			defaultConfigurationIsVisible = 0;
			defaultConfigurationName = Release;
		};
		4ACA10CF20BC40A800812726 /* Build configuration list for PBXNativeTarget "PrahaBrutalneKrasna" */ = {
			isa = XCConfigurationList;
			buildConfigurations = (
				4ACA10D020BC40A800812726 /* Debug */,
				4ACA10D120BC40A800812726 /* Release */,
			);
			defaultConfigurationIsVisible = 0;
			defaultConfigurationName = Release;
		};
/* End XCConfigurationList section */
	};
	rootObject = 4ACA10B520BC40A600812726 /* Project object */;
}
